Microsoft Visual Studio Solution File, Format Version 12.00
# Visual Studio Version 17
VisualStudioVersion = 17.0.31903.59
MinimumVisualStudioVersion = 10.0.40219.1
Project("{FAE04EC0-301F-11D3-BF4B-00C04F79EFBC}") = "HotelReservationSystem", "new_app\HotelReservationSystem\HotelReservationSystem.csproj", "{8D3274F1-4A5C-4C79-9D1A-BB113A5F465E}"
EndProject
Global
	GlobalSection(SolutionConfigurationPlatforms) = preSolution
		Debug|Any CPU = Debug|Any CPU
		Release|Any CPU = Release|Any CPU
	EndGlobalSection
	GlobalSection(SolutionProperties) = preSolution
		HideSolutionNode = FALSE
	EndGlobalSection
	GlobalSection(ProjectConfigurationPlatforms) = postSolution
		{8D3274F1-4A5C-4C79-9D1A-BB113A5F465E}.Debug|Any CPU.ActiveCfg = Debug|Any CPU
		{8D3274F1-4A5C-4C79-9D1A-BB113A5F465E}.Debug|Any CPU.Build.0 = Debug|Any CPU
		{8D3274F1-4A5C-4C79-9D1A-BB113A5F465E}.Release|Any CPU.ActiveCfg = Release|Any CPU
		{8D3274F1-4A5C-4C79-9D1A-BB113A5F465E}.Release|Any CPU.Build.0 = Release|Any CPU
	EndGlobalSection
	GlobalSection(ExtensibilityGlobals) = postSolution
		SolutionGuid = {C69D6938-D23C-4F72-8D0C-125CC1003A4D}
	EndGlobalSection
EndGlobal
